
Microsoft Visual Studio Solution File, Format Version 12.00
# Visual Studio Version 17
VisualStudioVersion = 17.5.33627.172
MinimumVisualStudioVersion = 10.0.40219.1
Project("{9A19103F-16F7-4668-BE54-9A1E7A4F7556}") = "BlazorWebApp", "Clients\BlazorWebApp\BlazorWebApp.csproj", "{37D0231B-AF51-4098-AD32-F0DF26D96130}"
EndProject
Project("{9A19103F-16F7-4668-BE54-9A1E7A4F7556}") = "BlazorWebApp.Server", "Clients\BlazorWebApp.Server\BlazorWebApp.Server.csproj", "{024F2C7E-0F27-4059-9A6B-216E30CA98DC}"
EndProject
Project("{9A19103F-16F7-4668-BE54-9A1E7A4F7556}") = "API", "Servers\API\API.csproj", "{2558F185-ED9B-40B7-A0ED-16471A37E593}"
EndProject
Project("{9A19103F-16F7-4668-BE54-9A1E7A4F7556}") = "Domain", "Servers\Domain\Domain.csproj", "{DC6A3389-4EE3-4FEB-B437-3C3287725553}"
EndProject
Project("{9A19103F-16F7-4668-BE54-9A1E7A4F7556}") = "Infrastructure", "Servers\Infrastructure\Infrastructure.csproj", "{862F928F-160A-4FB2-85EE-626445860D44}"
EndProject
Project("{9A19103F-16F7-4668-BE54-9A1E7A4F7556}") = "Application", "Servers\Application\Application.csproj", "{01C9A994-1E7F-451D-BACD-B2F2FBAEA3D9}"
EndProject
Project("{9A19103F-16F7-4668-BE54-9A1E7A4F7556}") = "Shared", "Shared\Shared.csproj", "{BF42E030-5C78-4B3F-B036-85178FF5AA85}"
EndProject
Project("{2150E333-8FDC-42A3-9474-1A3956D46DE8}") = "Clients", "Clients", "{E27E5DD9-DF4A-4A08-A0F9-950CA85C58C9}"
EndProject
Project("{2150E333-8FDC-42A3-9474-1A3956D46DE8}") = "Servers", "Servers", "{F0D6ED54-24D1-49D8-A9DC-916706A12EC7}"
EndProject
Project("{9A19103F-16F7-4668-BE54-9A1E7A4F7556}") = "ApplicationClient", "Clients\ApplicationClient\ApplicationClient.csproj", "{ABD114B5-0417-4F6F-B4DB-4A2F5CC24CBA}"
EndProject
Project("{2150E333-8FDC-42A3-9474-1A3956D46DE8}") = "Solution Items", "Solution Items", "{340FC305-A93A-4670-ACF7-7874E16E2F84}"
	ProjectSection(SolutionItems) = preProject
		docker-compose_blazorweb.yml = docker-compose_blazorweb.yml
	EndProjectSection
EndProject
Project("{E53339B2-1760-4266-BCC7-CA923CBCF16C}") = "docker-compose", "docker-compose.dcproj", "{BD44D0C4-1204-42E6-81BC-F696714E0277}"
EndProject
Project("{9A19103F-16F7-4668-BE54-9A1E7A4F7556}") = "JSInteropExamples.OnlineStatusIndicator", "Clients\JSInteropExamples.OnlineStatusIndicator\JSInteropExamples.OnlineStatusIndicator.csproj", "{B0800BA6-2485-4105-9CB7-FFECAA70701C}"
EndProject
Project("{9A19103F-16F7-4668-BE54-9A1E7A4F7556}") = "BlazorWasm.Toastr", "Clients\BlazorWasm.Toastr\BlazorWasm.Toastr.csproj", "{4D3E0C83-39E3-4F48-B07B-30CF9158B215}"
EndProject
Project("{9A19103F-16F7-4668-BE54-9A1E7A4F7556}") = "BlazorMaterialMud.Client", "Clients\BlazorMaterialMud\BlazorMaterialMud.Client.csproj", "{5DDA9323-0CDB-48E1-A4B6-6AEBCCF0D4D9}"
EndProject
Global
	GlobalSection(SolutionConfigurationPlatforms) = preSolution
		Debug|Any CPU = Debug|Any CPU
		Release|Any CPU = Release|Any CPU
	EndGlobalSection
	GlobalSection(ProjectConfigurationPlatforms) = postSolution
		{37D0231B-AF51-4098-AD32-F0DF26D96130}.Debug|Any CPU.ActiveCfg = Debug|Any CPU
		{37D0231B-AF51-4098-AD32-F0DF26D96130}.Debug|Any CPU.Build.0 = Debug|Any CPU
		{37D0231B-AF51-4098-AD32-F0DF26D96130}.Release|Any CPU.ActiveCfg = Release|Any CPU
		{37D0231B-AF51-4098-AD32-F0DF26D96130}.Release|Any CPU.Build.0 = Release|Any CPU
		{024F2C7E-0F27-4059-9A6B-216E30CA98DC}.Debug|Any CPU.ActiveCfg = Debug|Any CPU
		{024F2C7E-0F27-4059-9A6B-216E30CA98DC}.Debug|Any CPU.Build.0 = Debug|Any CPU
		{024F2C7E-0F27-4059-9A6B-216E30CA98DC}.Release|Any CPU.ActiveCfg = Release|Any CPU
		{024F2C7E-0F27-4059-9A6B-216E30CA98DC}.Release|Any CPU.Build.0 = Release|Any CPU
		{2558F185-ED9B-40B7-A0ED-16471A37E593}.Debug|Any CPU.ActiveCfg = Debug|Any CPU
		{2558F185-ED9B-40B7-A0ED-16471A37E593}.Debug|Any CPU.Build.0 = Debug|Any CPU
		{2558F185-ED9B-40B7-A0ED-16471A37E593}.Release|Any CPU.ActiveCfg = Release|Any CPU
		{2558F185-ED9B-40B7-A0ED-16471A37E593}.Release|Any CPU.Build.0 = Release|Any CPU
		{DC6A3389-4EE3-4FEB-B437-3C3287725553}.Debug|Any CPU.ActiveCfg = Debug|Any CPU
		{DC6A3389-4EE3-4FEB-B437-3C3287725553}.Debug|Any CPU.Build.0 = Debug|Any CPU
		{DC6A3389-4EE3-4FEB-B437-3C3287725553}.Release|Any CPU.ActiveCfg = Release|Any CPU
		{DC6A3389-4EE3-4FEB-B437-3C3287725553}.Release|Any CPU.Build.0 = Release|Any CPU
		{862F928F-160A-4FB2-85EE-626445860D44}.Debug|Any CPU.ActiveCfg = Debug|Any CPU
		{862F928F-160A-4FB2-85EE-626445860D44}.Debug|Any CPU.Build.0 = Debug|Any CPU
		{862F928F-160A-4FB2-85EE-626445860D44}.Release|Any CPU.ActiveCfg = Release|Any CPU
		{862F928F-160A-4FB2-85EE-626445860D44}.Release|Any CPU.Build.0 = Release|Any CPU
		{01C9A994-1E7F-451D-BACD-B2F2FBAEA3D9}.Debug|Any CPU.ActiveCfg = Debug|Any CPU
		{01C9A994-1E7F-451D-BACD-B2F2FBAEA3D9}.Debug|Any CPU.Build.0 = Debug|Any CPU
		{01C9A994-1E7F-451D-BACD-B2F2FBAEA3D9}.Release|Any CPU.ActiveCfg = Release|Any CPU
		{01C9A994-1E7F-451D-BACD-B2F2FBAEA3D9}.Release|Any CPU.Build.0 = Release|Any CPU
		{BF42E030-5C78-4B3F-B036-85178FF5AA85}.Debug|Any CPU.ActiveCfg = Debug|Any CPU
		{BF42E030-5C78-4B3F-B036-85178FF5AA85}.Debug|Any CPU.Build.0 = Debug|Any CPU
		{BF42E030-5C78-4B3F-B036-85178FF5AA85}.Release|Any CPU.ActiveCfg = Release|Any CPU
		{BF42E030-5C78-4B3F-B036-85178FF5AA85}.Release|Any CPU.Build.0 = Release|Any CPU
		{ABD114B5-0417-4F6F-B4DB-4A2F5CC24CBA}.Debug|Any CPU.ActiveCfg = Debug|Any CPU
		{ABD114B5-0417-4F6F-B4DB-4A2F5CC24CBA}.Debug|Any CPU.Build.0 = Debug|Any CPU
		{ABD114B5-0417-4F6F-B4DB-4A2F5CC24CBA}.Release|Any CPU.ActiveCfg = Release|Any CPU
		{ABD114B5-0417-4F6F-B4DB-4A2F5CC24CBA}.Release|Any CPU.Build.0 = Release|Any CPU
		{BD44D0C4-1204-42E6-81BC-F696714E0277}.Debug|Any CPU.ActiveCfg = Debug|Any CPU
		{BD44D0C4-1204-42E6-81BC-F696714E0277}.Debug|Any CPU.Build.0 = Debug|Any CPU
		{BD44D0C4-1204-42E6-81BC-F696714E0277}.Release|Any CPU.ActiveCfg = Release|Any CPU
		{BD44D0C4-1204-42E6-81BC-F696714E0277}.Release|Any CPU.Build.0 = Release|Any CPU
		{B0800BA6-2485-4105-9CB7-FFECAA70701C}.Debug|Any CPU.ActiveCfg = Debug|Any CPU
		{B0800BA6-2485-4105-9CB7-FFECAA70701C}.Debug|Any CPU.Build.0 = Debug|Any CPU
		{B0800BA6-2485-4105-9CB7-FFECAA70701C}.Release|Any CPU.ActiveCfg = Release|Any CPU
		{B0800BA6-2485-4105-9CB7-FFECAA70701C}.Release|Any CPU.Build.0 = Release|Any CPU
		{4D3E0C83-39E3-4F48-B07B-30CF9158B215}.Debug|Any CPU.ActiveCfg = Debug|Any CPU
		{4D3E0C83-39E3-4F48-B07B-30CF9158B215}.Debug|Any CPU.Build.0 = Debug|Any CPU
		{4D3E0C83-39E3-4F48-B07B-30CF9158B215}.Release|Any CPU.ActiveCfg = Release|Any CPU
		{4D3E0C83-39E3-4F48-B07B-30CF9158B215}.Release|Any CPU.Build.0 = Release|Any CPU
		{5DDA9323-0CDB-48E1-A4B6-6AEBCCF0D4D9}.Debug|Any CPU.ActiveCfg = Debug|Any CPU
		{5DDA9323-0CDB-48E1-A4B6-6AEBCCF0D4D9}.Debug|Any CPU.Build.0 = Debug|Any CPU
		{5DDA9323-0CDB-48E1-A4B6-6AEBCCF0D4D9}.Release|Any CPU.ActiveCfg = Release|Any CPU
		{5DDA9323-0CDB-48E1-A4B6-6AEBCCF0D4D9}.Release|Any CPU.Build.0 = Release|Any CPU
	EndGlobalSection
	GlobalSection(SolutionProperties) = preSolution
		HideSolutionNode = FALSE
	EndGlobalSection
	GlobalSection(NestedProjects) = preSolution
		{37D0231B-AF51-4098-AD32-F0DF26D96130} = {E27E5DD9-DF4A-4A08-A0F9-950CA85C58C9}
		{024F2C7E-0F27-4059-9A6B-216E30CA98DC} = {E27E5DD9-DF4A-4A08-A0F9-950CA85C58C9}
		{2558F185-ED9B-40B7-A0ED-16471A37E593} = {F0D6ED54-24D1-49D8-A9DC-916706A12EC7}
		{DC6A3389-4EE3-4FEB-B437-3C3287725553} = {F0D6ED54-24D1-49D8-A9DC-916706A12EC7}
		{862F928F-160A-4FB2-85EE-626445860D44} = {F0D6ED54-24D1-49D8-A9DC-916706A12EC7}
		{01C9A994-1E7F-451D-BACD-B2F2FBAEA3D9} = {F0D6ED54-24D1-49D8-A9DC-916706A12EC7}
		{ABD114B5-0417-4F6F-B4DB-4A2F5CC24CBA} = {E27E5DD9-DF4A-4A08-A0F9-950CA85C58C9}
		{B0800BA6-2485-4105-9CB7-FFECAA70701C} = {E27E5DD9-DF4A-4A08-A0F9-950CA85C58C9}
		{4D3E0C83-39E3-4F48-B07B-30CF9158B215} = {E27E5DD9-DF4A-4A08-A0F9-950CA85C58C9}
		{5DDA9323-0CDB-48E1-A4B6-6AEBCCF0D4D9} = {E27E5DD9-DF4A-4A08-A0F9-950CA85C58C9}
	EndGlobalSection
	GlobalSection(ExtensibilityGlobals) = postSolution
		SolutionGuid = {56BC2E2E-75B6-41F2-AB9F-F343BC817AAA}
	EndGlobalSection
EndGlobal
